
Microsoft Visual Studio Solution File, Format Version 12.00
# Visual Studio 15
VisualStudioVersion = 15.0.28307.572
MinimumVisualStudioVersion = 10.0.40219.1
Project("{FAE04EC0-301F-11D3-BF4B-00C04F79EFBC}") = "App01_ConsultarCEP.Android", "App01_ConsultarCEP\App01_ConsultarCEP.Android\App01_ConsultarCEP.Android.csproj", "{FB8A3D1B-385B-4DF4-87DC-44C1B4276904}"
EndProject
Project("{FAE04EC0-301F-11D3-BF4B-00C04F79EFBC}") = "App01_ConsultarCEP.iOS", "App01_ConsultarCEP\App01_ConsultarCEP.iOS\App01_ConsultarCEP.iOS.csproj", "{B81F493D-76EF-443B-8D24-3E978281EFCA}"
EndProject
Project("{FAE04EC0-301F-11D3-BF4B-00C04F79EFBC}") = "App01_ConsultarCEP.UWP", "App01_ConsultarCEP\App01_ConsultarCEP.UWP\App01_ConsultarCEP.UWP.csproj", "{D1382CDF-A2C8-4AAE-868C-92C74E2A252D}"
EndProject
Project("{FAE04EC0-301F-11D3-BF4B-00C04F79EFBC}") = "App01_ConsultarCEP", "App01_ConsultarCEP\App01_ConsultarCEP\App01_ConsultarCEP.csproj", "{0826E4BB-C80C-4397-8A36-0C1B1C78E163}"
EndProject
Global
	GlobalSection(SolutionConfigurationPlatforms) = preSolution
		Ad-Hoc|Any CPU = Ad-Hoc|Any CPU
		Ad-Hoc|ARM = Ad-Hoc|ARM
		Ad-Hoc|iPhone = Ad-Hoc|iPhone
		Ad-Hoc|iPhoneSimulator = Ad-Hoc|iPhoneSimulator
		Ad-Hoc|x64 = Ad-Hoc|x64
		Ad-Hoc|x86 = Ad-Hoc|x86
		AppStore|Any CPU = AppStore|Any CPU
		AppStore|ARM = AppStore|ARM
		AppStore|iPhone = AppStore|iPhone
		AppStore|iPhoneSimulator = AppStore|iPhoneSimulator
		AppStore|x64 = AppStore|x64
		AppStore|x86 = AppStore|x86
		Debug|Any CPU = Debug|Any CPU
		Debug|ARM = Debug|ARM
		Debug|iPhone = Debug|iPhone
		Debug|iPhoneSimulator = Debug|iPhoneSimulator
		Debug|x64 = Debug|x64
		Debug|x86 = Debug|x86
		Release|Any CPU = Release|Any CPU
		Release|ARM = Release|ARM
		Release|iPhone = Release|iPhone
		Release|iPhoneSimulator = Release|iPhoneSimulator
		Release|x64 = Release|x64
		Release|x86 = Release|x86
	EndGlobalSection
	GlobalSection(ProjectConfigurationPlatforms) = postSolution
		{FB8A3D1B-385B-4DF4-87DC-44C1B4276904}.Ad-Hoc|Any CPU.ActiveCfg = Release|Any CPU
		{FB8A3D1B-385B-4DF4-87DC-44C1B4276904}.Ad-Hoc|Any CPU.Build.0 = Release|Any CPU
		{FB8A3D1B-385B-4DF4-87DC-44C1B4276904}.Ad-Hoc|Any CPU.Deploy.0 = Release|Any CPU
		{FB8A3D1B-385B-4DF4-87DC-44C1B4276904}.Ad-Hoc|ARM.ActiveCfg = Release|Any CPU
		{FB8A3D1B-385B-4DF4-87DC-44C1B4276904}.Ad-Hoc|ARM.Build.0 = Release|Any CPU
		{FB8A3D1B-385B-4DF4-87DC-44C1B4276904}.Ad-Hoc|ARM.Deploy.0 = Release|Any CPU
		{FB8A3D1B-385B-4DF4-87DC-44C1B4276904}.Ad-Hoc|iPhone.ActiveCfg = Release|Any CPU
		{FB8A3D1B-385B-4DF4-87DC-44C1B4276904}.Ad-Hoc|iPhone.Build.0 = Release|Any CPU
		{FB8A3D1B-385B-4DF4-87DC-44C1B4276904}.Ad-Hoc|iPhone.Deploy.0 = Release|Any CPU
		{FB8A3D1B-385B-4DF4-87DC-44C1B4276904}.Ad-Hoc|iPhoneSimulator.ActiveCfg = Release|Any CPU
		{FB8A3D1B-385B-4DF4-87DC-44C1B4276904}.Ad-Hoc|iPhoneSimulator.Build.0 = Release|Any CPU
		{FB8A3D1B-385B-4DF4-87DC-44C1B4276904}.Ad-Hoc|iPhoneSimulator.Deploy.0 = Release|Any CPU
		{FB8A3D1B-385B-4DF4-87DC-44C1B4276904}.Ad-Hoc|x64.ActiveCfg = Release|Any CPU
		{FB8A3D1B-385B-4DF4-87DC-44C1B4276904}.Ad-Hoc|x64.Build.0 = Release|Any CPU
		{FB8A3D1B-385B-4DF4-87DC-44C1B4276904}.Ad-Hoc|x64.Deploy.0 = Release|Any CPU
		{FB8A3D1B-385B-4DF4-87DC-44C1B4276904}.Ad-Hoc|x86.ActiveCfg = Release|Any CPU
		{FB8A3D1B-385B-4DF4-87DC-44C1B4276904}.Ad-Hoc|x86.Build.0 = Release|Any CPU
		{FB8A3D1B-385B-4DF4-87DC-44C1B4276904}.Ad-Hoc|x86.Deploy.0 = Release|Any CPU
		{FB8A3D1B-385B-4DF4-87DC-44C1B4276904}.AppStore|Any CPU.ActiveCfg = Release|Any CPU
		{FB8A3D1B-385B-4DF4-87DC-44C1B4276904}.AppStore|Any CPU.Build.0 = Release|Any CPU
		{FB8A3D1B-385B-4DF4-87DC-44C1B4276904}.AppStore|Any CPU.Deploy.0 = Release|Any CPU
		{FB8A3D1B-385B-4DF4-87DC-44C1B4276904}.AppStore|ARM.ActiveCfg = Release|Any CPU
		{FB8A3D1B-385B-4DF4-87DC-44C1B4276904}.AppStore|ARM.Build.0 = Release|Any CPU
		{FB8A3D1B-385B-4DF4-87DC-44C1B4276904}.AppStore|ARM.Deploy.0 = Release|Any CPU
		{FB8A3D1B-385B-4DF4-87DC-44C1B4276904}.AppStore|iPhone.ActiveCfg = Release|Any CPU
		{FB8A3D1B-385B-4DF4-87DC-44C1B4276904}.AppStore|iPhone.Build.0 = Release|Any CPU
		{FB8A3D1B-385B-4DF4-87DC-44C1B4276904}.AppStore|iPhone.Deploy.0 = Release|Any CPU
		{FB8A3D1B-385B-4DF4-87DC-44C1B4276904}.AppStore|iPhoneSimulator.ActiveCfg = Release|Any CPU
		{FB8A3D1B-385B-4DF4-87DC-44C1B4276904}.AppStore|iPhoneSimulator.Build.0 = Release|Any CPU
		{FB8A3D1B-385B-4DF4-87DC-44C1B4276904}.AppStore|iPhoneSimulator.Deploy.0 = Release|Any CPU
		{FB8A3D1B-385B-4DF4-87DC-44C1B4276904}.AppStore|x64.ActiveCfg = Release|Any CPU
		{FB8A3D1B-385B-4DF4-87DC-44C1B4276904}.AppStore|x64.Build.0 = Release|Any CPU
		{FB8A3D1B-385B-4DF4-87DC-44C1B4276904}.AppStore|x64.Deploy.0 = Release|Any CPU
		{FB8A3D1B-385B-4DF4-87DC-44C1B4276904}.AppStore|x86.ActiveCfg = Release|Any CPU
		{FB8A3D1B-385B-4DF4-87DC-44C1B4276904}.AppStore|x86.Build.0 = Release|Any CPU
		{FB8A3D1B-385B-4DF4-87DC-44C1B4276904}.AppStore|x86.Deploy.0 = Release|Any CPU
		{FB8A3D1B-385B-4DF4-87DC-44C1B4276904}.Debug|Any CPU.ActiveCfg = Debug|Any CPU
		{FB8A3D1B-385B-4DF4-87DC-44C1B4276904}.Debug|Any CPU.Build.0 = Debug|Any CPU
		{FB8A3D1B-385B-4DF4-87DC-44C1B4276904}.Debug|Any CPU.Deploy.0 = Debug|Any CPU
		{FB8A3D1B-385B-4DF4-87DC-44C1B4276904}.Debug|ARM.ActiveCfg = Debug|Any CPU
		{FB8A3D1B-385B-4DF4-87DC-44C1B4276904}.Debug|ARM.Build.0 = Debug|Any CPU
		{FB8A3D1B-385B-4DF4-87DC-44C1B4276904}.Debug|ARM.Deploy.0 = Debug|Any CPU
		{FB8A3D1B-385B-4DF4-87DC-44C1B4276904}.Debug|iPhone.ActiveCfg = Debug|Any CPU
		{FB8A3D1B-385B-4DF4-87DC-44C1B4276904}.Debug|iPhone.Build.0 = Debug|Any CPU
		{FB8A3D1B-385B-4DF4-87DC-44C1B4276904}.Debug|iPhone.Deploy.0 = Debug|Any CPU
		{FB8A3D1B-385B-4DF4-87DC-44C1B4276904}.Debug|iPhoneSimulator.ActiveCfg = Debug|Any CPU
		{FB8A3D1B-385B-4DF4-87DC-44C1B4276904}.Debug|iPhoneSimulator.Build.0 = Debug|Any CPU
		{FB8A3D1B-385B-4DF4-87DC-44C1B4276904}.Debug|iPhoneSimulator.Deploy.0 = Debug|Any CPU
		{FB8A3D1B-385B-4DF4-87DC-44C1B4276904}.Debug|x64.ActiveCfg = Debug|Any CPU
		{FB8A3D1B-385B-4DF4-87DC-44C1B4276904}.Debug|x64.Build.0 = Debug|Any CPU
		{FB8A3D1B-385B-4DF4-87DC-44C1B4276904}.Debug|x64.Deploy.0 = Debug|Any CPU
		{FB8A3D1B-385B-4DF4-87DC-44C1B4276904}.Debug|x86.ActiveCfg = Debug|Any CPU
		{FB8A3D1B-385B-4DF4-87DC-44C1B4276904}.Debug|x86.Build.0 = Debug|Any CPU
		{FB8A3D1B-385B-4DF4-87DC-44C1B4276904}.Debug|x86.Deploy.0 = Debug|Any CPU
		{FB8A3D1B-385B-4DF4-87DC-44C1B4276904}.Release|Any CPU.ActiveCfg = Release|Any CPU
		{FB8A3D1B-385B-4DF4-87DC-44C1B4276904}.Release|Any CPU.Build.0 = Release|Any CPU
		{FB8A3D1B-385B-4DF4-87DC-44C1B4276904}.Release|Any CPU.Deploy.0 = Release|Any CPU
		{FB8A3D1B-385B-4DF4-87DC-44C1B4276904}.Release|ARM.ActiveCfg = Release|Any CPU
		{FB8A3D1B-385B-4DF4-87DC-44C1B4276904}.Release|ARM.Build.0 = Release|Any CPU
		{FB8A3D1B-385B-4DF4-87DC-44C1B4276904}.Release|ARM.Deploy.0 = Release|Any CPU
		{FB8A3D1B-385B-4DF4-87DC-44C1B4276904}.Release|iPhone.ActiveCfg = Release|Any CPU
		{FB8A3D1B-385B-4DF4-87DC-44C1B4276904}.Release|iPhone.Build.0 = Release|Any CPU
		{FB8A3D1B-385B-4DF4-87DC-44C1B4276904}.Release|iPhone.Deploy.0 = Release|Any CPU
		{FB8A3D1B-385B-4DF4-87DC-44C1B4276904}.Release|iPhoneSimulator.ActiveCfg = Release|Any CPU
		{FB8A3D1B-385B-4DF4-87DC-44C1B4276904}.Release|iPhoneSimulator.Build.0 = Release|Any CPU
		{FB8A3D1B-385B-4DF4-87DC-44C1B4276904}.Release|iPhoneSimulator.Deploy.0 = Release|Any CPU
		{FB8A3D1B-385B-4DF4-87DC-44C1B4276904}.Release|x64.ActiveCfg = Release|Any CPU
		{FB8A3D1B-385B-4DF4-87DC-44C1B4276904}.Release|x64.Build.0 = Release|Any CPU
		{FB8A3D1B-385B-4DF4-87DC-44C1B4276904}.Release|x64.Deploy.0 = Release|Any CPU
		{FB8A3D1B-385B-4DF4-87DC-44C1B4276904}.Release|x86.ActiveCfg = Release|Any CPU
		{FB8A3D1B-385B-4DF4-87DC-44C1B4276904}.Release|x86.Build.0 = Release|Any CPU
		{FB8A3D1B-385B-4DF4-87DC-44C1B4276904}.Release|x86.Deploy.0 = Release|Any CPU
		{B81F493D-76EF-443B-8D24-3E978281EFCA}.Ad-Hoc|Any CPU.ActiveCfg = Ad-Hoc|iPhone
		{B81F493D-76EF-443B-8D24-3E978281EFCA}.Ad-Hoc|Any CPU.Build.0 = Ad-Hoc|iPhone
		{B81F493D-76EF-443B-8D24-3E978281EFCA}.Ad-Hoc|Any CPU.Deploy.0 = Ad-Hoc|iPhone
		{B81F493D-76EF-443B-8D24-3E978281EFCA}.Ad-Hoc|ARM.ActiveCfg = Ad-Hoc|iPhone
		{B81F493D-76EF-443B-8D24-3E978281EFCA}.Ad-Hoc|ARM.Build.0 = Ad-Hoc|iPhone
		{B81F493D-76EF-443B-8D24-3E978281EFCA}.Ad-Hoc|ARM.Deploy.0 = Ad-Hoc|iPhone
		{B81F493D-76EF-443B-8D24-3E978281EFCA}.Ad-Hoc|iPhone.ActiveCfg = Ad-Hoc|iPhone
		{B81F493D-76EF-443B-8D24-3E978281EFCA}.Ad-Hoc|iPhone.Build.0 = Ad-Hoc|iPhone
		{B81F493D-76EF-443B-8D24-3E978281EFCA}.Ad-Hoc|iPhone.Deploy.0 = Ad-Hoc|iPhone
		{B81F493D-76EF-443B-8D24-3E978281EFCA}.Ad-Hoc|iPhoneSimulator.ActiveCfg = Ad-Hoc|iPhoneSimulator
		{B81F493D-76EF-443B-8D24-3E978281EFCA}.Ad-Hoc|iPhoneSimulator.Build.0 = Ad-Hoc|iPhoneSimulator
		{B81F493D-76EF-443B-8D24-3E978281EFCA}.Ad-Hoc|iPhoneSimulator.Deploy.0 = Ad-Hoc|iPhoneSimulator
		{B81F493D-76EF-443B-8D24-3E978281EFCA}.Ad-Hoc|x64.ActiveCfg = Ad-Hoc|iPhone
		{B81F493D-76EF-443B-8D24-3E978281EFCA}.Ad-Hoc|x64.Build.0 = Ad-Hoc|iPhone
		{B81F493D-76EF-443B-8D24-3E978281EFCA}.Ad-Hoc|x64.Deploy.0 = Ad-Hoc|iPhone
		{B81F493D-76EF-443B-8D24-3E978281EFCA}.Ad-Hoc|x86.ActiveCfg = Ad-Hoc|iPhone
		{B81F493D-76EF-443B-8D24-3E978281EFCA}.Ad-Hoc|x86.Build.0 = Ad-Hoc|iPhone
		{B81F493D-76EF-443B-8D24-3E978281EFCA}.Ad-Hoc|x86.Deploy.0 = Ad-Hoc|iPhone
		{B81F493D-76EF-443B-8D24-3E978281EFCA}.AppStore|Any CPU.ActiveCfg = AppStore|iPhone
		{B81F493D-76EF-443B-8D24-3E978281EFCA}.AppStore|Any CPU.Build.0 = AppStore|iPhone
		{B81F493D-76EF-443B-8D24-3E978281EFCA}.AppStore|Any CPU.Deploy.0 = AppStore|iPhone
		{B81F493D-76EF-443B-8D24-3E978281EFCA}.AppStore|ARM.ActiveCfg = AppStore|iPhone
		{B81F493D-76EF-443B-8D24-3E978281EFCA}.AppStore|ARM.Build.0 = AppStore|iPhone
		{B81F493D-76EF-443B-8D24-3E978281EFCA}.AppStore|ARM.Deploy.0 = AppStore|iPhone
		{B81F493D-76EF-443B-8D24-3E978281EFCA}.AppStore|iPhone.ActiveCfg = AppStore|iPhone
		{B81F493D-76EF-443B-8D24-3E978281EFCA}.AppStore|iPhone.Build.0 = AppStore|iPhone
		{B81F493D-76EF-443B-8D24-3E978281EFCA}.AppStore|iPhone.Deploy.0 = AppStore|iPhone
		{B81F493D-76EF-443B-8D24-3E978281EFCA}.AppStore|iPhoneSimulator.ActiveCfg = AppStore|iPhoneSimulator
		{B81F493D-76EF-443B-8D24-3E978281EFCA}.AppStore|iPhoneSimulator.Build.0 = AppStore|iPhoneSimulator
		{B81F493D-76EF-443B-8D24-3E978281EFCA}.AppStore|iPhoneSimulator.Deploy.0 = AppStore|iPhoneSimulator
		{B81F493D-76EF-443B-8D24-3E978281EFCA}.AppStore|x64.ActiveCfg = AppStore|iPhone
		{B81F493D-76EF-443B-8D24-3E978281EFCA}.AppStore|x64.Build.0 = AppStore|iPhone
		{B81F493D-76EF-443B-8D24-3E978281EFCA}.AppStore|x64.Deploy.0 = AppStore|iPhone
		{B81F493D-76EF-443B-8D24-3E978281EFCA}.AppStore|x86.ActiveCfg = AppStore|iPhone
		{B81F493D-76EF-443B-8D24-3E978281EFCA}.AppStore|x86.Build.0 = AppStore|iPhone
		{B81F493D-76EF-443B-8D24-3E978281EFCA}.AppStore|x86.Deploy.0 = AppStore|iPhone
		{B81F493D-76EF-443B-8D24-3E978281EFCA}.Debug|Any CPU.ActiveCfg = Debug|iPhoneSimulator
		{B81F493D-76EF-443B-8D24-3E978281EFCA}.Debug|Any CPU.Build.0 = Debug|iPhoneSimulator
		{B81F493D-76EF-443B-8D24-3E978281EFCA}.Debug|Any CPU.Deploy.0 = Debug|iPhoneSimulator
		{B81F493D-76EF-443B-8D24-3E978281EFCA}.Debug|ARM.ActiveCfg = Debug|iPhone
		{B81F493D-76EF-443B-8D24-3E978281EFCA}.Debug|ARM.Build.0 = Debug|iPhone
		{B81F493D-76EF-443B-8D24-3E978281EFCA}.Debug|ARM.Deploy.0 = Debug|iPhone
		{B81F493D-76EF-443B-8D24-3E978281EFCA}.Debug|iPhone.ActiveCfg = Debug|iPhone
		{B81F493D-76EF-443B-8D24-3E978281EFCA}.Debug|iPhone.Build.0 = Debug|iPhone
		{B81F493D-76EF-443B-8D24-3E978281EFCA}.Debug|iPhone.Deploy.0 = Debug|iPhone
		{B81F493D-76EF-443B-8D24-3E978281EFCA}.Debug|iPhoneSimulator.ActiveCfg = Debug|iPhoneSimulator
		{B81F493D-76EF-443B-8D24-3E978281EFCA}.Debug|iPhoneSimulator.Build.0 = Debug|iPhoneSimulator
		{B81F493D-76EF-443B-8D24-3E978281EFCA}.Debug|iPhoneSimulator.Deploy.0 = Debug|iPhoneSimulator
		{B81F493D-76EF-443B-8D24-3E978281EFCA}.Debug|x64.ActiveCfg = Debug|iPhone
		{B81F493D-76EF-443B-8D24-3E978281EFCA}.Debug|x64.Build.0 = Debug|iPhone
		{B81F493D-76EF-443B-8D24-3E978281EFCA}.Debug|x64.Deploy.0 = Debug|iPhone
		{B81F493D-76EF-443B-8D24-3E978281EFCA}.Debug|x86.ActiveCfg = Debug|iPhone
		{B81F493D-76EF-443B-8D24-3E978281EFCA}.Debug|x86.Build.0 = Debug|iPhone
		{B81F493D-76EF-443B-8D24-3E978281EFCA}.Debug|x86.Deploy.0 = Debug|iPhone
		{B81F493D-76EF-443B-8D24-3E978281EFCA}.Release|Any CPU.ActiveCfg = Release|iPhone
		{B81F493D-76EF-443B-8D24-3E978281EFCA}.Release|Any CPU.Build.0 = Release|iPhone
		{B81F493D-76EF-443B-8D24-3E978281EFCA}.Release|Any CPU.Deploy.0 = Release|iPhone
		{B81F493D-76EF-443B-8D24-3E978281EFCA}.Release|ARM.ActiveCfg = Release|iPhone
		{B81F493D-76EF-443B-8D24-3E978281EFCA}.Release|ARM.Build.0 = Release|iPhone
		{B81F493D-76EF-443B-8D24-3E978281EFCA}.Release|ARM.Deploy.0 = Release|iPhone
		{B81F493D-76EF-443B-8D24-3E978281EFCA}.Release|iPhone.ActiveCfg = Release|iPhone
		{B81F493D-76EF-443B-8D24-3E978281EFCA}.Release|iPhone.Build.0 = Release|iPhone
		{B81F493D-76EF-443B-8D24-3E978281EFCA}.Release|iPhone.Deploy.0 = Release|iPhone
		{B81F493D-76EF-443B-8D24-3E978281EFCA}.Release|iPhoneSimulator.ActiveCfg = Release|iPhoneSimulator
		{B81F493D-76EF-443B-8D24-3E978281EFCA}.Release|iPhoneSimulator.Build.0 = Release|iPhoneSimulator
		{B81F493D-76EF-443B-8D24-3E978281EFCA}.Release|iPhoneSimulator.Deploy.0 = Release|iPhoneSimulator
		{B81F493D-76EF-443B-8D24-3E978281EFCA}.Release|x64.ActiveCfg = Release|iPhone
		{B81F493D-76EF-443B-8D24-3E978281EFCA}.Release|x64.Build.0 = Release|iPhone
		{B81F493D-76EF-443B-8D24-3E978281EFCA}.Release|x64.Deploy.0 = Release|iPhone
		{B81F493D-76EF-443B-8D24-3E978281EFCA}.Release|x86.ActiveCfg = Release|iPhone
		{B81F493D-76EF-443B-8D24-3E978281EFCA}.Release|x86.Build.0 = Release|iPhone
		{B81F493D-76EF-443B-8D24-3E978281EFCA}.Release|x86.Deploy.0 = Release|iPhone
		{D1382CDF-A2C8-4AAE-868C-92C74E2A252D}.Ad-Hoc|Any CPU.ActiveCfg = Release|x86
		{D1382CDF-A2C8-4AAE-868C-92C74E2A252D}.Ad-Hoc|Any CPU.Build.0 = Release|x86
		{D1382CDF-A2C8-4AAE-868C-92C74E2A252D}.Ad-Hoc|Any CPU.Deploy.0 = Release|x86
		{D1382CDF-A2C8-4AAE-868C-92C74E2A252D}.Ad-Hoc|ARM.ActiveCfg = Release|ARM
		{D1382CDF-A2C8-4AAE-868C-92C74E2A252D}.Ad-Hoc|ARM.Build.0 = Release|ARM
		{D1382CDF-A2C8-4AAE-868C-92C74E2A252D}.Ad-Hoc|ARM.Deploy.0 = Release|ARM
		{D1382CDF-A2C8-4AAE-868C-92C74E2A252D}.Ad-Hoc|iPhone.ActiveCfg = Release|x86
		{D1382CDF-A2C8-4AAE-868C-92C74E2A252D}.Ad-Hoc|iPhone.Build.0 = Release|x86
		{D1382CDF-A2C8-4AAE-868C-92C74E2A252D}.Ad-Hoc|iPhone.Deploy.0 = Release|x86
		{D1382CDF-A2C8-4AAE-868C-92C74E2A252D}.Ad-Hoc|iPhoneSimulator.ActiveCfg = Release|x86
		{D1382CDF-A2C8-4AAE-868C-92C74E2A252D}.Ad-Hoc|iPhoneSimulator.Build.0 = Release|x86
		{D1382CDF-A2C8-4AAE-868C-92C74E2A252D}.Ad-Hoc|iPhoneSimulator.Deploy.0 = Release|x86
		{D1382CDF-A2C8-4AAE-868C-92C74E2A252D}.Ad-Hoc|x64.ActiveCfg = Release|x64
		{D1382CDF-A2C8-4AAE-868C-92C74E2A252D}.Ad-Hoc|x64.Build.0 = Release|x64
		{D1382CDF-A2C8-4AAE-868C-92C74E2A252D}.Ad-Hoc|x64.Deploy.0 = Release|x64
		{D1382CDF-A2C8-4AAE-868C-92C74E2A252D}.Ad-Hoc|x86.ActiveCfg = Release|x86
		{D1382CDF-A2C8-4AAE-868C-92C74E2A252D}.Ad-Hoc|x86.Build.0 = Release|x86
		{D1382CDF-A2C8-4AAE-868C-92C74E2A252D}.Ad-Hoc|x86.Deploy.0 = Release|x86
		{D1382CDF-A2C8-4AAE-868C-92C74E2A252D}.AppStore|Any CPU.ActiveCfg = Release|x86
		{D1382CDF-A2C8-4AAE-868C-92C74E2A252D}.AppStore|Any CPU.Build.0 = Release|x86
		{D1382CDF-A2C8-4AAE-868C-92C74E2A252D}.AppStore|Any CPU.Deploy.0 = Release|x86
		{D1382CDF-A2C8-4AAE-868C-92C74E2A252D}.AppStore|ARM.ActiveCfg = Release|ARM
		{D1382CDF-A2C8-4AAE-868C-92C74E2A252D}.AppStore|ARM.Build.0 = Release|ARM
		{D1382CDF-A2C8-4AAE-868C-92C74E2A252D}.AppStore|ARM.Deploy.0 = Release|ARM
		{D1382CDF-A2C8-4AAE-868C-92C74E2A252D}.AppStore|iPhone.ActiveCfg = Release|x86
		{D1382CDF-A2C8-4AAE-868C-92C74E2A252D}.AppStore|iPhone.Build.0 = Release|x86
		{D1382CDF-A2C8-4AAE-868C-92C74E2A252D}.AppStore|iPhone.Deploy.0 = Release|x86
		{D1382CDF-A2C8-4AAE-868C-92C74E2A252D}.AppStore|iPhoneSimulator.ActiveCfg = Release|x86
		{D1382CDF-A2C8-4AAE-868C-92C74E2A252D}.AppStore|iPhoneSimulator.Build.0 = Release|x86
		{D1382CDF-A2C8-4AAE-868C-92C74E2A252D}.AppStore|iPhoneSimulator.Deploy.0 = Release|x86
		{D1382CDF-A2C8-4AAE-868C-92C74E2A252D}.AppStore|x64.ActiveCfg = Release|x64
		{D1382CDF-A2C8-4AAE-868C-92C74E2A252D}.AppStore|x64.Build.0 = Release|x64
		{D1382CDF-A2C8-4AAE-868C-92C74E2A252D}.AppStore|x64.Deploy.0 = Release|x64
		{D1382CDF-A2C8-4AAE-868C-92C74E2A252D}.AppStore|x86.ActiveCfg = Release|x86
		{D1382CDF-A2C8-4AAE-868C-92C74E2A252D}.AppStore|x86.Build.0 = Release|x86
		{D1382CDF-A2C8-4AAE-868C-92C74E2A252D}.AppStore|x86.Deploy.0 = Release|x86
		{D1382CDF-A2C8-4AAE-868C-92C74E2A252D}.Debug|Any CPU.ActiveCfg = Debug|x86
		{D1382CDF-A2C8-4AAE-868C-92C74E2A252D}.Debug|Any CPU.Build.0 = Debug|x86
		{D1382CDF-A2C8-4AAE-868C-92C74E2A252D}.Debug|Any CPU.Deploy.0 = Debug|x86
		{D1382CDF-A2C8-4AAE-868C-92C74E2A252D}.Debug|ARM.ActiveCfg = Debug|ARM
		{D1382CDF-A2C8-4AAE-868C-92C74E2A252D}.Debug|ARM.Build.0 = Debug|ARM
		{D1382CDF-A2C8-4AAE-868C-92C74E2A252D}.Debug|ARM.Deploy.0 = Debug|ARM
		{D1382CDF-A2C8-4AAE-868C-92C74E2A252D}.Debug|iPhone.ActiveCfg = Debug|x86
		{D1382CDF-A2C8-4AAE-868C-92C74E2A252D}.Debug|iPhone.Build.0 = Debug|x86
		{D1382CDF-A2C8-4AAE-868C-92C74E2A252D}.Debug|iPhone.Deploy.0 = Debug|x86
		{D1382CDF-A2C8-4AAE-868C-92C74E2A252D}.Debug|iPhoneSimulator.ActiveCfg = Debug|x86
		{D1382CDF-A2C8-4AAE-868C-92C74E2A252D}.Debug|iPhoneSimulator.Build.0 = Debug|x86
		{D1382CDF-A2C8-4AAE-868C-92C74E2A252D}.Debug|iPhoneSimulator.Deploy.0 = Debug|x86
		{D1382CDF-A2C8-4AAE-868C-92C74E2A252D}.Debug|x64.ActiveCfg = Debug|x64
		{D1382CDF-A2C8-4AAE-868C-92C74E2A252D}.Debug|x64.Build.0 = Debug|x64
		{D1382CDF-A2C8-4AAE-868C-92C74E2A252D}.Debug|x64.Deploy.0 = Debug|x64
		{D1382CDF-A2C8-4AAE-868C-92C74E2A252D}.Debug|x86.ActiveCfg = Debug|x86
		{D1382CDF-A2C8-4AAE-868C-92C74E2A252D}.Debug|x86.Build.0 = Debug|x86
		{D1382CDF-A2C8-4AAE-868C-92C74E2A252D}.Debug|x86.Deploy.0 = Debug|x86
		{D1382CDF-A2C8-4AAE-868C-92C74E2A252D}.Release|Any CPU.ActiveCfg = Release|x86
		{D1382CDF-A2C8-4AAE-868C-92C74E2A252D}.Release|Any CPU.Build.0 = Release|x86
		{D1382CDF-A2C8-4AAE-868C-92C74E2A252D}.Release|Any CPU.Deploy.0 = Release|x86
		{D1382CDF-A2C8-4AAE-868C-92C74E2A252D}.Release|ARM.ActiveCfg = Release|ARM
		{D1382CDF-A2C8-4AAE-868C-92C74E2A252D}.Release|ARM.Build.0 = Release|ARM
		{D1382CDF-A2C8-4AAE-868C-92C74E2A252D}.Release|ARM.Deploy.0 = Release|ARM
		{D1382CDF-A2C8-4AAE-868C-92C74E2A252D}.Release|iPhone.ActiveCfg = Release|x86
		{D1382CDF-A2C8-4AAE-868C-92C74E2A252D}.Release|iPhone.Build.0 = Release|x86
		{D1382CDF-A2C8-4AAE-868C-92C74E2A252D}.Release|iPhone.Deploy.0 = Release|x86
		{D1382CDF-A2C8-4AAE-868C-92C74E2A252D}.Release|iPhoneSimulator.ActiveCfg = Release|x86
		{D1382CDF-A2C8-4AAE-868C-92C74E2A252D}.Release|iPhoneSimulator.Build.0 = Release|x86
		{D1382CDF-A2C8-4AAE-868C-92C74E2A252D}.Release|iPhoneSimulator.Deploy.0 = Release|x86
		{D1382CDF-A2C8-4AAE-868C-92C74E2A252D}.Release|x64.ActiveCfg = Release|x64
		{D1382CDF-A2C8-4AAE-868C-92C74E2A252D}.Release|x64.Build.0 = Release|x64
		{D1382CDF-A2C8-4AAE-868C-92C74E2A252D}.Release|x64.Deploy.0 = Release|x64
		{D1382CDF-A2C8-4AAE-868C-92C74E2A252D}.Release|x86.ActiveCfg = Release|x86
		{D1382CDF-A2C8-4AAE-868C-92C74E2A252D}.Release|x86.Build.0 = Release|x86
		{D1382CDF-A2C8-4AAE-868C-92C74E2A252D}.Release|x86.Deploy.0 = Release|x86
		{0826E4BB-C80C-4397-8A36-0C1B1C78E163}.Ad-Hoc|Any CPU.ActiveCfg = Debug|Any CPU
		{0826E4BB-C80C-4397-8A36-0C1B1C78E163}.Ad-Hoc|Any CPU.Build.0 = Debug|Any CPU
		{0826E4BB-C80C-4397-8A36-0C1B1C78E163}.Ad-Hoc|Any CPU.Deploy.0 = Debug|Any CPU
		{0826E4BB-C80C-4397-8A36-0C1B1C78E163}.Ad-Hoc|ARM.ActiveCfg = Debug|Any CPU
		{0826E4BB-C80C-4397-8A36-0C1B1C78E163}.Ad-Hoc|ARM.Build.0 = Debug|Any CPU
		{0826E4BB-C80C-4397-8A36-0C1B1C78E163}.Ad-Hoc|ARM.Deploy.0 = Debug|Any CPU
		{0826E4BB-C80C-4397-8A36-0C1B1C78E163}.Ad-Hoc|iPhone.ActiveCfg = Debug|Any CPU
		{0826E4BB-C80C-4397-8A36-0C1B1C78E163}.Ad-Hoc|iPhone.Build.0 = Debug|Any CPU
		{0826E4BB-C80C-4397-8A36-0C1B1C78E163}.Ad-Hoc|iPhone.Deploy.0 = Debug|Any CPU
		{0826E4BB-C80C-4397-8A36-0C1B1C78E163}.Ad-Hoc|iPhoneSimulator.ActiveCfg = Debug|Any CPU
		{0826E4BB-C80C-4397-8A36-0C1B1C78E163}.Ad-Hoc|iPhoneSimulator.Build.0 = Debug|Any CPU
		{0826E4BB-C80C-4397-8A36-0C1B1C78E163}.Ad-Hoc|iPhoneSimulator.Deploy.0 = Debug|Any CPU
		{0826E4BB-C80C-4397-8A36-0C1B1C78E163}.Ad-Hoc|x64.ActiveCfg = Debug|Any CPU
		{0826E4BB-C80C-4397-8A36-0C1B1C78E163}.Ad-Hoc|x64.Build.0 = Debug|Any CPU
		{0826E4BB-C80C-4397-8A36-0C1B1C78E163}.Ad-Hoc|x64.Deploy.0 = Debug|Any CPU
		{0826E4BB-C80C-4397-8A36-0C1B1C78E163}.Ad-Hoc|x86.ActiveCfg = Debug|Any CPU
		{0826E4BB-C80C-4397-8A36-0C1B1C78E163}.Ad-Hoc|x86.Build.0 = Debug|Any CPU
		{0826E4BB-C80C-4397-8A36-0C1B1C78E163}.Ad-Hoc|x86.Deploy.0 = Debug|Any CPU
		{0826E4BB-C80C-4397-8A36-0C1B1C78E163}.AppStore|Any CPU.ActiveCfg = Debug|Any CPU
		{0826E4BB-C80C-4397-8A36-0C1B1C78E163}.AppStore|Any CPU.Build.0 = Debug|Any CPU
		{0826E4BB-C80C-4397-8A36-0C1B1C78E163}.AppStore|Any CPU.Deploy.0 = Debug|Any CPU
		{0826E4BB-C80C-4397-8A36-0C1B1C78E163}.AppStore|ARM.ActiveCfg = Debug|Any CPU
		{0826E4BB-C80C-4397-8A36-0C1B1C78E163}.AppStore|ARM.Build.0 = Debug|Any CPU
		{0826E4BB-C80C-4397-8A36-0C1B1C78E163}.AppStore|ARM.Deploy.0 = Debug|Any CPU
		{0826E4BB-C80C-4397-8A36-0C1B1C78E163}.AppStore|iPhone.ActiveCfg = Debug|Any CPU
		{0826E4BB-C80C-4397-8A36-0C1B1C78E163}.AppStore|iPhone.Build.0 = Debug|Any CPU
		{0826E4BB-C80C-4397-8A36-0C1B1C78E163}.AppStore|iPhone.Deploy.0 = Debug|Any CPU
		{0826E4BB-C80C-4397-8A36-0C1B1C78E163}.AppStore|iPhoneSimulator.ActiveCfg = Debug|Any CPU
		{0826E4BB-C80C-4397-8A36-0C1B1C78E163}.AppStore|iPhoneSimulator.Build.0 = Debug|Any CPU
		{0826E4BB-C80C-4397-8A36-0C1B1C78E163}.AppStore|iPhoneSimulator.Deploy.0 = Debug|Any CPU
		{0826E4BB-C80C-4397-8A36-0C1B1C78E163}.AppStore|x64.ActiveCfg = Debug|Any CPU
		{0826E4BB-C80C-4397-8A36-0C1B1C78E163}.AppStore|x64.Build.0 = Debug|Any CPU
		{0826E4BB-C80C-4397-8A36-0C1B1C78E163}.AppStore|x64.Deploy.0 = Debug|Any CPU
		{0826E4BB-C80C-4397-8A36-0C1B1C78E163}.AppStore|x86.ActiveCfg = Debug|Any CPU
		{0826E4BB-C80C-4397-8A36-0C1B1C78E163}.AppStore|x86.Build.0 = Debug|Any CPU
		{0826E4BB-C80C-4397-8A36-0C1B1C78E163}.AppStore|x86.Deploy.0 = Debug|Any CPU
		{0826E4BB-C80C-4397-8A36-0C1B1C78E163}.Debug|Any CPU.ActiveCfg = Debug|Any CPU
		{0826E4BB-C80C-4397-8A36-0C1B1C78E163}.Debug|Any CPU.Build.0 = Debug|Any CPU
		{0826E4BB-C80C-4397-8A36-0C1B1C78E163}.Debug|Any CPU.Deploy.0 = Debug|Any CPU
		{0826E4BB-C80C-4397-8A36-0C1B1C78E163}.Debug|ARM.ActiveCfg = Debug|Any CPU
		{0826E4BB-C80C-4397-8A36-0C1B1C78E163}.Debug|ARM.Build.0 = Debug|Any CPU
		{0826E4BB-C80C-4397-8A36-0C1B1C78E163}.Debug|ARM.Deploy.0 = Debug|Any CPU
		{0826E4BB-C80C-4397-8A36-0C1B1C78E163}.Debug|iPhone.ActiveCfg = Debug|Any CPU
		{0826E4BB-C80C-4397-8A36-0C1B1C78E163}.Debug|iPhone.Build.0 = Debug|Any CPU
		{0826E4BB-C80C-4397-8A36-0C1B1C78E163}.Debug|iPhone.Deploy.0 = Debug|Any CPU
		{0826E4BB-C80C-4397-8A36-0C1B1C78E163}.Debug|iPhoneSimulator.ActiveCfg = Debug|Any CPU
		{0826E4BB-C80C-4397-8A36-0C1B1C78E163}.Debug|iPhoneSimulator.Build.0 = Debug|Any CPU
		{0826E4BB-C80C-4397-8A36-0C1B1C78E163}.Debug|iPhoneSimulator.Deploy.0 = Debug|Any CPU
		{0826E4BB-C80C-4397-8A36-0C1B1C78E163}.Debug|x64.ActiveCfg = Debug|Any CPU
		{0826E4BB-C80C-4397-8A36-0C1B1C78E163}.Debug|x64.Build.0 = Debug|Any CPU
		{0826E4BB-C80C-4397-8A36-0C1B1C78E163}.Debug|x64.Deploy.0 = Debug|Any CPU
		{0826E4BB-C80C-4397-8A36-0C1B1C78E163}.Debug|x86.ActiveCfg = Debug|Any CPU
		{0826E4BB-C80C-4397-8A36-0C1B1C78E163}.Debug|x86.Build.0 = Debug|Any CPU
		{0826E4BB-C80C-4397-8A36-0C1B1C78E163}.Debug|x86.Deploy.0 = Debug|Any CPU
		{0826E4BB-C80C-4397-8A36-0C1B1C78E163}.Release|Any CPU.ActiveCfg = Release|Any CPU
		{0826E4BB-C80C-4397-8A36-0C1B1C78E163}.Release|Any CPU.Build.0 = Release|Any CPU
		{0826E4BB-C80C-4397-8A36-0C1B1C78E163}.Release|Any CPU.Deploy.0 = Release|Any CPU
		{0826E4BB-C80C-4397-8A36-0C1B1C78E163}.Release|ARM.ActiveCfg = Release|Any CPU
		{0826E4BB-C80C-4397-8A36-0C1B1C78E163}.Release|ARM.Build.0 = Release|Any CPU
		{0826E4BB-C80C-4397-8A36-0C1B1C78E163}.Release|ARM.Deploy.0 = Release|Any CPU
		{0826E4BB-C80C-4397-8A36-0C1B1C78E163}.Release|iPhone.ActiveCfg = Release|Any CPU
		{0826E4BB-C80C-4397-8A36-0C1B1C78E163}.Release|iPhone.Build.0 = Release|Any CPU
		{0826E4BB-C80C-4397-8A36-0C1B1C78E163}.Release|iPhone.Deploy.0 = Release|Any CPU
		{0826E4BB-C80C-4397-8A36-0C1B1C78E163}.Release|iPhoneSimulator.ActiveCfg = Release|Any CPU
		{0826E4BB-C80C-4397-8A36-0C1B1C78E163}.Release|iPhoneSimulator.Build.0 = Release|Any CPU
		{0826E4BB-C80C-4397-8A36-0C1B1C78E163}.Release|iPhoneSimulator.Deploy.0 = Release|Any CPU
		{0826E4BB-C80C-4397-8A36-0C1B1C78E163}.Release|x64.ActiveCfg = Release|Any CPU
		{0826E4BB-C80C-4397-8A36-0C1B1C78E163}.Release|x64.Build.0 = Release|Any CPU
		{0826E4BB-C80C-4397-8A36-0C1B1C78E163}.Release|x64.Deploy.0 = Release|Any CPU
		{0826E4BB-C80C-4397-8A36-0C1B1C78E163}.Release|x86.ActiveCfg = Release|Any CPU
		{0826E4BB-C80C-4397-8A36-0C1B1C78E163}.Release|x86.Build.0 = Release|Any CPU
		{0826E4BB-C80C-4397-8A36-0C1B1C78E163}.Release|x86.Deploy.0 = Release|Any CPU
	EndGlobalSection
	GlobalSection(SolutionProperties) = preSolution
		HideSolutionNode = FALSE
	EndGlobalSection
	GlobalSection(ExtensibilityGlobals) = postSolution
		SolutionGuid = {CAFD61B2-1D8B-4955-86B7-6AC5A1C1ACCE}
	EndGlobalSection
EndGlobal
